
Microsoft Visual Studio Solution File, Format Version 12.00
# Visual Studio Version 17
VisualStudioVersion = 17.8.34309.116
MinimumVisualStudioVersion = 10.0.40219.1
Project("{FAE04EC0-301F-11D3-BF4B-00C04F79EFBC}") = "Battleships", "Battleships.csproj", "{1FA9CB2D-BAD7-4B3B-AB2D-4A1C566E4F6B}"
EndProject
Global
	GlobalSection(SolutionConfigurationPlatforms) = preSolution
		Debug|Any CPU = Debug|Any CPU
		Release|Any CPU = Release|Any CPU
	EndGlobalSection
	GlobalSection(ProjectConfigurationPlatforms) = postSolution
		{1FA9CB2D-BAD7-4B3B-AB2D-4A1C566E4F6B}.Debug|Any CPU.ActiveCfg = Debug|Any CPU
		{1FA9CB2D-BAD7-4B3B-AB2D-4A1C566E4F6B}.Debug|Any CPU.Build.0 = Debug|Any CPU
		{1FA9CB2D-BAD7-4B3B-AB2D-4A1C566E4F6B}.Release|Any CPU.ActiveCfg = Release|Any CPU
		{1FA9CB2D-BAD7-4B3B-AB2D-4A1C566E4F6B}.Release|Any CPU.Build.0 = Release|Any CPU
	EndGlobalSection
	GlobalSection(SolutionProperties) = preSolution
		HideSolutionNode = FALSE
	EndGlobalSection
	GlobalSection(ExtensibilityGlobals) = postSolution
		SolutionGuid = {FB2E9FB8-96C5-4076-A9C2-77BB6407CB10}
	EndGlobalSection
EndGlobal
